{
  "name": "2022-G4-VC2-PART2",
  "lockfileVersion": 2,
  "requires": true,
  "packages": {
    "": {
      "dependencies": {
        "localstorage-slim": "^2.3.0"
      }
    },
    "node_modules/localstorage-slim": {
      "version": "2.3.0",
      "resolved": "https://registry.npmjs.org/localstorage-slim/-/localstorage-slim-2.3.0.tgz",
      "integrity": "sha512-vGuIEXmoSseZW2dO7Y9vFIs2iBORvxSMlFBpNQpTpuE/s9/myj1Kxz3iQsyDMSRyusLB/Z4T/hlcMH36PUiJrg=="
    }
  },
  "dependencies": {
    "localstorage-slim": {
      "version": "2.3.0",
      "resolved": "https://registry.npmjs.org/localstorage-slim/-/localstorage-slim-2.3.0.tgz",
      "integrity": "sha512-vGuIEXmoSseZW2dO7Y9vFIs2iBORvxSMlFBpNQpTpuE/s9/myj1Kxz3iQsyDMSRyusLB/Z4T/hlcMH36PUiJrg=="
    }
  }
}
